
Microsoft Visual Studio Solution File, Format Version 12.00
# Visual Studio Version 17
VisualStudioVersion = 17.8.34408.163
MinimumVisualStudioVersion = 10.0.40219.1
Project("{FAE04EC0-301F-11D3-BF4B-00C04F79EFBC}") = "MVCProject", "MVCProject\MVCProject.csproj", "{24AD4113-E0C7-4104-A661-436C9EDBD308}"
EndProject
Global
	GlobalSection(SolutionConfigurationPlatforms) = preSolution
		Debug|Any CPU = Debug|Any CPU
		Release|Any CPU = Release|Any CPU
	EndGlobalSection
	GlobalSection(ProjectConfigurationPlatforms) = postSolution
		{24AD4113-E0C7-4104-A661-436C9EDBD308}.Debug|Any CPU.ActiveCfg = Debug|Any CPU
		{24AD4113-E0C7-4104-A661-436C9EDBD308}.Debug|Any CPU.Build.0 = Debug|Any CPU
		{24AD4113-E0C7-4104-A661-436C9EDBD308}.Release|Any CPU.ActiveCfg = Release|Any CPU
		{24AD4113-E0C7-4104-A661-436C9EDBD308}.Release|Any CPU.Build.0 = Release|Any CPU
	EndGlobalSection
	GlobalSection(SolutionProperties) = preSolution
		HideSolutionNode = FALSE
	EndGlobalSection
	GlobalSection(ExtensibilityGlobals) = postSolution
		SolutionGuid = {CDC33A94-B938-43E0-9DA3-69A404E9F736}
	EndGlobalSection
EndGlobal
